
Microsoft Visual Studio Solution File, Format Version 12.00
# Visual Studio Version 16
VisualStudioVersion = 16.0.31025.194
MinimumVisualStudioVersion = 10.0.40219.1
Project("{FAE04EC0-301F-11D3-BF4B-00C04F79EFBC}") = "OneRed.Main", "OneRed.Main\OneRed.Main.csproj", "{2BD21425-6B98-468F-9823-50E8BF004884}"
EndProject
Project("{2150E333-8FDC-42A3-9474-1A3956D46DE8}") = "Solution Items", "Solution Items", "{A825DBCB-5A95-46C8-BE1B-248E538365AD}"
	ProjectSection(SolutionItems) = preProject
		ReadMe.txt = ReadMe.txt
	EndProjectSection
EndProject
Project("{9A19103F-16F7-4668-BE54-9A1E7A4F7556}") = "CIPServiceClient", "..\CIPClientPlus\CIPServiceClient\CIPServiceClient.csproj", "{A2CE51B7-CAAF-4BCB-9FF7-7620A89DB668}"
EndProject
Global
	GlobalSection(SolutionConfigurationPlatforms) = preSolution
		Debug|Any CPU = Debug|Any CPU
		Release|Any CPU = Release|Any CPU
	EndGlobalSection
	GlobalSection(ProjectConfigurationPlatforms) = postSolution
		{2BD21425-6B98-468F-9823-50E8BF004884}.Debug|Any CPU.ActiveCfg = Debug|Any CPU
		{2BD21425-6B98-468F-9823-50E8BF004884}.Debug|Any CPU.Build.0 = Debug|Any CPU
		{2BD21425-6B98-468F-9823-50E8BF004884}.Release|Any CPU.ActiveCfg = Release|Any CPU
		{2BD21425-6B98-468F-9823-50E8BF004884}.Release|Any CPU.Build.0 = Release|Any CPU
		{A2CE51B7-CAAF-4BCB-9FF7-7620A89DB668}.Debug|Any CPU.ActiveCfg = Debug|Any CPU
		{A2CE51B7-CAAF-4BCB-9FF7-7620A89DB668}.Debug|Any CPU.Build.0 = Debug|Any CPU
		{A2CE51B7-CAAF-4BCB-9FF7-7620A89DB668}.Release|Any CPU.ActiveCfg = Release|Any CPU
		{A2CE51B7-CAAF-4BCB-9FF7-7620A89DB668}.Release|Any CPU.Build.0 = Release|Any CPU
	EndGlobalSection
	GlobalSection(SolutionProperties) = preSolution
		HideSolutionNode = FALSE
	EndGlobalSection
	GlobalSection(ExtensibilityGlobals) = postSolution
		SolutionGuid = {13B424A6-CCE9-4937-9A8D-4AA5CCFA414F}
	EndGlobalSection
EndGlobal
